
Microsoft Visual Studio Solution File, Format Version 12.00
# Visual Studio Version 17
VisualStudioVersion = 17.4.33213.308
MinimumVisualStudioVersion = 10.0.40219.1
Project("{FAE04EC0-301F-11D3-BF4B-00C04F79EFBC}") = "ComplementoPagoCFDI4", "ComplementoPagoCFDI4\ComplementoPagoCFDI4.csproj", "{964D8D5B-61FD-4037-87E4-3007D6E1433A}"
EndProject
Global
	GlobalSection(SolutionConfigurationPlatforms) = preSolution
		Debug|Any CPU = Debug|Any CPU
		Release|Any CPU = Release|Any CPU
	EndGlobalSection
	GlobalSection(ProjectConfigurationPlatforms) = postSolution
		{964D8D5B-61FD-4037-87E4-3007D6E1433A}.Debug|Any CPU.ActiveCfg = Debug|Any CPU
		{964D8D5B-61FD-4037-87E4-3007D6E1433A}.Debug|Any CPU.Build.0 = Debug|Any CPU
		{964D8D5B-61FD-4037-87E4-3007D6E1433A}.Release|Any CPU.ActiveCfg = Release|Any CPU
		{964D8D5B-61FD-4037-87E4-3007D6E1433A}.Release|Any CPU.Build.0 = Release|Any CPU
	EndGlobalSection
	GlobalSection(SolutionProperties) = preSolution
		HideSolutionNode = FALSE
	EndGlobalSection
	GlobalSection(ExtensibilityGlobals) = postSolution
		SolutionGuid = {F2DEE0DF-ACE8-4840-ACCE-EA940C03BDC5}
	EndGlobalSection
EndGlobal
